
Microsoft Visual Studio Solution File, Format Version 12.00
# Visual Studio Version 17
VisualStudioVersion = 17.0.31903.59
MinimumVisualStudioVersion = 10.0.40219.1
Project("{FAE04EC0-301F-11D3-BF4B-00C04F79EFBC}") = "Trashury.Core", "Trashury.Core\Trashury.Core.csproj", "{7FEE522F-E89B-43CB-944F-AB79F6863F89}"
EndProject
Project("{FAE04EC0-301F-11D3-BF4B-00C04F79EFBC}") = "Trashury", "Trashury\Trashury.csproj", "{B14B3C31-E06E-4C01-834F-C458CF317B57}"
EndProject
Project("{FAE04EC0-301F-11D3-BF4B-00C04F79EFBC}") = "Trashury.Tests", "Trashury.Tests\Trashury.Tests.csproj", "{7E37F054-CDBB-483E-8C43-9D96787BBC4F}"
EndProject
Project("{FAE04EC0-301F-11D3-BF4B-00C04F79EFBC}") = "Trashury.DbTool", "Trashury.DbTool\Trashury.DbTool.csproj", "{DEC50622-9A7D-468E-AEB2-029024E42F50}"
EndProject
Global
	GlobalSection(SolutionConfigurationPlatforms) = preSolution
		Debug|Any CPU = Debug|Any CPU
		Debug|x64 = Debug|x64
		Debug|x86 = Debug|x86
		Release|Any CPU = Release|Any CPU
		Release|x64 = Release|x64
		Release|x86 = Release|x86
	EndGlobalSection
	GlobalSection(ProjectConfigurationPlatforms) = postSolution
		{7FEE522F-E89B-43CB-944F-AB79F6863F89}.Debug|Any CPU.ActiveCfg = Debug|Any CPU
		{7FEE522F-E89B-43CB-944F-AB79F6863F89}.Debug|Any CPU.Build.0 = Debug|Any CPU
		{7FEE522F-E89B-43CB-944F-AB79F6863F89}.Debug|x64.ActiveCfg = Debug|Any CPU
		{7FEE522F-E89B-43CB-944F-AB79F6863F89}.Debug|x64.Build.0 = Debug|Any CPU
		{7FEE522F-E89B-43CB-944F-AB79F6863F89}.Debug|x86.ActiveCfg = Debug|Any CPU
		{7FEE522F-E89B-43CB-944F-AB79F6863F89}.Debug|x86.Build.0 = Debug|Any CPU
		{7FEE522F-E89B-43CB-944F-AB79F6863F89}.Release|Any CPU.ActiveCfg = Release|Any CPU
		{7FEE522F-E89B-43CB-944F-AB79F6863F89}.Release|Any CPU.Build.0 = Release|Any CPU
		{7FEE522F-E89B-43CB-944F-AB79F6863F89}.Release|x64.ActiveCfg = Release|Any CPU
		{7FEE522F-E89B-43CB-944F-AB79F6863F89}.Release|x64.Build.0 = Release|Any CPU
		{7FEE522F-E89B-43CB-944F-AB79F6863F89}.Release|x86.ActiveCfg = Release|Any CPU
		{7FEE522F-E89B-43CB-944F-AB79F6863F89}.Release|x86.Build.0 = Release|Any CPU
		{B14B3C31-E06E-4C01-834F-C458CF317B57}.Debug|Any CPU.ActiveCfg = Debug|Any CPU
		{B14B3C31-E06E-4C01-834F-C458CF317B57}.Debug|Any CPU.Build.0 = Debug|Any CPU
		{B14B3C31-E06E-4C01-834F-C458CF317B57}.Debug|x64.ActiveCfg = Debug|Any CPU
		{B14B3C31-E06E-4C01-834F-C458CF317B57}.Debug|x64.Build.0 = Debug|Any CPU
		{B14B3C31-E06E-4C01-834F-C458CF317B57}.Debug|x86.ActiveCfg = Debug|Any CPU
		{B14B3C31-E06E-4C01-834F-C458CF317B57}.Debug|x86.Build.0 = Debug|Any CPU
		{B14B3C31-E06E-4C01-834F-C458CF317B57}.Release|Any CPU.ActiveCfg = Release|Any CPU
		{B14B3C31-E06E-4C01-834F-C458CF317B57}.Release|Any CPU.Build.0 = Release|Any CPU
		{B14B3C31-E06E-4C01-834F-C458CF317B57}.Release|x64.ActiveCfg = Release|Any CPU
		{B14B3C31-E06E-4C01-834F-C458CF317B57}.Release|x64.Build.0 = Release|Any CPU
		{B14B3C31-E06E-4C01-834F-C458CF317B57}.Release|x86.ActiveCfg = Release|Any CPU
		{B14B3C31-E06E-4C01-834F-C458CF317B57}.Release|x86.Build.0 = Release|Any CPU
		{7E37F054-CDBB-483E-8C43-9D96787BBC4F}.Debug|Any CPU.ActiveCfg = Debug|Any CPU
		{7E37F054-CDBB-483E-8C43-9D96787BBC4F}.Debug|Any CPU.Build.0 = Debug|Any CPU
		{7E37F054-CDBB-483E-8C43-9D96787BBC4F}.Debug|x64.ActiveCfg = Debug|Any CPU
		{7E37F054-CDBB-483E-8C43-9D96787BBC4F}.Debug|x64.Build.0 = Debug|Any CPU
		{7E37F054-CDBB-483E-8C43-9D96787BBC4F}.Debug|x86.ActiveCfg = Debug|Any CPU
		{7E37F054-CDBB-483E-8C43-9D96787BBC4F}.Debug|x86.Build.0 = Debug|Any CPU
		{7E37F054-CDBB-483E-8C43-9D96787BBC4F}.Release|Any CPU.ActiveCfg = Release|Any CPU
		{7E37F054-CDBB-483E-8C43-9D96787BBC4F}.Release|Any CPU.Build.0 = Release|Any CPU
		{7E37F054-CDBB-483E-8C43-9D96787BBC4F}.Release|x64.ActiveCfg = Release|Any CPU
		{7E37F054-CDBB-483E-8C43-9D96787BBC4F}.Release|x64.Build.0 = Release|Any CPU
		{7E37F054-CDBB-483E-8C43-9D96787BBC4F}.Release|x86.ActiveCfg = Release|Any CPU
		{7E37F054-CDBB-483E-8C43-9D96787BBC4F}.Release|x86.Build.0 = Release|Any CPU
		{DEC50622-9A7D-468E-AEB2-029024E42F50}.Debug|Any CPU.ActiveCfg = Debug|Any CPU
		{DEC50622-9A7D-468E-AEB2-029024E42F50}.Debug|Any CPU.Build.0 = Debug|Any CPU
		{DEC50622-9A7D-468E-AEB2-029024E42F50}.Debug|x64.ActiveCfg = Debug|Any CPU
		{DEC50622-9A7D-468E-AEB2-029024E42F50}.Debug|x64.Build.0 = Debug|Any CPU
		{DEC50622-9A7D-468E-AEB2-029024E42F50}.Debug|x86.ActiveCfg = Debug|Any CPU
		{DEC50622-9A7D-468E-AEB2-029024E42F50}.Debug|x86.Build.0 = Debug|Any CPU
		{DEC50622-9A7D-468E-AEB2-029024E42F50}.Release|Any CPU.ActiveCfg = Release|Any CPU
		{DEC50622-9A7D-468E-AEB2-029024E42F50}.Release|Any CPU.Build.0 = Release|Any CPU
		{DEC50622-9A7D-468E-AEB2-029024E42F50}.Release|x64.ActiveCfg = Release|Any CPU
		{DEC50622-9A7D-468E-AEB2-029024E42F50}.Release|x64.Build.0 = Release|Any CPU
		{DEC50622-9A7D-468E-AEB2-029024E42F50}.Release|x86.ActiveCfg = Release|Any CPU
		{DEC50622-9A7D-468E-AEB2-029024E42F50}.Release|x86.Build.0 = Release|Any CPU
	EndGlobalSection
	GlobalSection(SolutionProperties) = preSolution
		HideSolutionNode = FALSE
	EndGlobalSection
EndGlobal
